
Microsoft Visual Studio Solution File, Format Version 12.00
# Visual Studio Version 17
VisualStudioVersion = 17.5.33627.172
MinimumVisualStudioVersion = 10.0.40219.1
Project("{9A19103F-16F7-4668-BE54-9A1E7A4F7556}") = "SchoolManagementProject", "SchoolManagementProject\SchoolManagementProject.csproj", "{B1BE9FFB-1EF7-43AB-8145-4B4534E63F5B}"
EndProject
Project("{FAE04EC0-301F-11D3-BF4B-00C04F79EFBC}") = "StudentProject.Models", "StudentProject.Models\StudentProject.Models.csproj", "{E7EA94D0-715A-4973-B2D2-BCD029287704}"
EndProject
Project("{FAE04EC0-301F-11D3-BF4B-00C04F79EFBC}") = "SchoolProject.Repositories", "SchoolProject.Repositories\SchoolProject.Repositories.csproj", "{80A4FB48-6600-4A7E-AC2A-B84268F81382}"
EndProject
Global
	GlobalSection(SolutionConfigurationPlatforms) = preSolution
		Debug|Any CPU = Debug|Any CPU
		Release|Any CPU = Release|Any CPU
	EndGlobalSection
	GlobalSection(ProjectConfigurationPlatforms) = postSolution
		{B1BE9FFB-1EF7-43AB-8145-4B4534E63F5B}.Debug|Any CPU.ActiveCfg = Debug|Any CPU
		{B1BE9FFB-1EF7-43AB-8145-4B4534E63F5B}.Debug|Any CPU.Build.0 = Debug|Any CPU
		{B1BE9FFB-1EF7-43AB-8145-4B4534E63F5B}.Release|Any CPU.ActiveCfg = Release|Any CPU
		{B1BE9FFB-1EF7-43AB-8145-4B4534E63F5B}.Release|Any CPU.Build.0 = Release|Any CPU
		{E7EA94D0-715A-4973-B2D2-BCD029287704}.Debug|Any CPU.ActiveCfg = Debug|Any CPU
		{E7EA94D0-715A-4973-B2D2-BCD029287704}.Debug|Any CPU.Build.0 = Debug|Any CPU
		{E7EA94D0-715A-4973-B2D2-BCD029287704}.Release|Any CPU.ActiveCfg = Release|Any CPU
		{E7EA94D0-715A-4973-B2D2-BCD029287704}.Release|Any CPU.Build.0 = Release|Any CPU
		{80A4FB48-6600-4A7E-AC2A-B84268F81382}.Debug|Any CPU.ActiveCfg = Debug|Any CPU
		{80A4FB48-6600-4A7E-AC2A-B84268F81382}.Debug|Any CPU.Build.0 = Debug|Any CPU
		{80A4FB48-6600-4A7E-AC2A-B84268F81382}.Release|Any CPU.ActiveCfg = Release|Any CPU
		{80A4FB48-6600-4A7E-AC2A-B84268F81382}.Release|Any CPU.Build.0 = Release|Any CPU
	EndGlobalSection
	GlobalSection(SolutionProperties) = preSolution
		HideSolutionNode = FALSE
	EndGlobalSection
	GlobalSection(ExtensibilityGlobals) = postSolution
		SolutionGuid = {9829E70A-FC44-4F1A-ADB9-07E16F7AC18A}
	EndGlobalSection
EndGlobal
